// !$*UTF8*$!
{
	archiveVersion = 1;
	classes = {
	};
	objectVersion = 56;
	objects = {

/* Begin PBXBuildFile section */
		53F6B69C2965B88C008D07C1 /* AppDelegate.swift in Sources */ = {isa = PBXBuildFile; fileRef = 53F6B69B2965B88C008D07C1 /* AppDelegate.swift */; };
		53F6B69E2965B88C008D07C1 /* SceneDelegate.swift in Sources */ = {isa = PBXBuildFile; fileRef = 53F6B69D2965B88C008D07C1 /* SceneDelegate.swift */; };
		53F6B6A02965B88C008D07C1 /* ReminderListViewController.swift in Sources */ = {isa = PBXBuildFile; fileRef = 53F6B69F2965B88C008D07C1 /* ReminderListViewController.swift */; };
		53F6B6A32965B88C008D07C1 /* Main.storyboard in Resources */ = {isa = PBXBuildFile; fileRef = 53F6B6A12965B88C008D07C1 /* Main.storyboard */; };
		53F6B6A62965B88C008D07C1 /* ios_todo_list.xcdatamodeld in Sources */ = {isa = PBXBuildFile; fileRef = 53F6B6A42965B88C008D07C1 /* ios_todo_list.xcdatamodeld */; };
		53F6B6A82965B88D008D07C1 /* Assets.xcassets in Resources */ = {isa = PBXBuildFile; fileRef = 53F6B6A72965B88D008D07C1 /* Assets.xcassets */; };
		53F6B6AB2965B88D008D07C1 /* LaunchScreen.storyboard in Resources */ = {isa = PBXBuildFile; fileRef = 53F6B6A92965B88D008D07C1 /* LaunchScreen.storyboard */; };
		53F6B6B62965B88D008D07C1 /* ios_todo_listTests.swift in Sources */ = {isa = PBXBuildFile; fileRef = 53F6B6B52965B88D008D07C1 /* ios_todo_listTests.swift */; };
		53F6B6C02965B88D008D07C1 /* ios_todo_listUITests.swift in Sources */ = {isa = PBXBuildFile; fileRef = 53F6B6BF2965B88D008D07C1 /* ios_todo_listUITests.swift */; };
		53F6B6C22965B88D008D07C1 /* ios_todo_listUITestsLaunchTests.swift in Sources */ = {isa = PBXBuildFile; fileRef = 53F6B6C12965B88D008D07C1 /* ios_todo_listUITestsLaunchTests.swift */; };
		53F6B6D72965C267008D07C1 /* Reminder.swift in Sources */ = {isa = PBXBuildFile; fileRef = 53F6B6D62965C267008D07C1 /* Reminder.swift */; };
		7974AC366A828B0837B48D42 /* Pods_ios_todo_list_ios_todo_listUITests.framework in Frameworks */ = {isa = PBXBuildFile; fileRef = C35D6A18FDA0E0360B5209AD /* Pods_ios_todo_list_ios_todo_listUITests.framework */; };
		8A17BEAF1A7BEDA464E6072D /* Pods_ios_todo_list.framework in Frameworks */ = {isa = PBXBuildFile; fileRef = 838DCBCD184846F30E98BD41 /* Pods_ios_todo_list.framework */; };
		DBA8C5FB52C05D4A5FDD3E9C /* Pods_ios_todo_listTests.framework in Frameworks */ = {isa = PBXBuildFile; fileRef = 7B588133FCEC0A8E9CB7A016 /* Pods_ios_todo_listTests.framework */; };
/* End PBXBuildFile section */

/* Begin PBXContainerItemProxy section */
		53F6B6B22965B88D008D07C1 /* PBXContainerItemProxy */ = {
			isa = PBXContainerItemProxy;
			containerPortal = 53F6B6902965B88C008D07C1 /* Project object */;
			proxyType = 1;
			remoteGlobalIDString = 53F6B6972965B88C008D07C1;
			remoteInfo = ios_todo_list;
		};
		53F6B6BC2965B88D008D07C1 /* PBXContainerItemProxy */ = {
			isa = PBXContainerItemProxy;
			containerPortal = 53F6B6902965B88C008D07C1 /* Project object */;
			proxyType = 1;
			remoteGlobalIDString = 53F6B6972965B88C008D07C1;
			remoteInfo = ios_todo_list;
		};
/* End PBXContainerItemProxy section */

/* Begin PBXFileReference section */
		253CD63101288D944FDD205C /* Pods-ios_todo_list-ios_todo_listUITests.debug.xcconfig */ = {isa = PBXFileReference; includeInIndex = 1; lastKnownFileType = text.xcconfig; name = "Pods-ios_todo_list-ios_todo_listUITests.debug.xcconfig"; path = "Target Support Files/Pods-ios_todo_list-ios_todo_listUITests/Pods-ios_todo_list-ios_todo_listUITests.debug.xcconfig"; sourceTree = "<group>"; };
		2C7206724E628FA60BA5833B /* Pods-ios_todo_list-ios_todo_listUITests.release.xcconfig */ = {isa = PBXFileReference; includeInIndex = 1; lastKnownFileType = text.xcconfig; name = "Pods-ios_todo_list-ios_todo_listUITests.release.xcconfig"; path = "Target Support Files/Pods-ios_todo_list-ios_todo_listUITests/Pods-ios_todo_list-ios_todo_listUITests.release.xcconfig"; sourceTree = "<group>"; };
		53F6B6982965B88C008D07C1 /* ios_todo_list.app */ = {isa = PBXFileReference; explicitFileType = wrapper.application; includeInIndex = 0; path = ios_todo_list.app; sourceTree = BUILT_PRODUCTS_DIR; };
		53F6B69B2965B88C008D07C1 /* AppDelegate.swift */ = {isa = PBXFileReference; lastKnownFileType = sourcecode.swift; path = AppDelegate.swift; sourceTree = "<group>"; };
		53F6B69D2965B88C008D07C1 /* SceneDelegate.swift */ = {isa = PBXFileReference; lastKnownFileType = sourcecode.swift; path = SceneDelegate.swift; sourceTree = "<group>"; };
		53F6B69F2965B88C008D07C1 /* ReminderListViewController.swift */ = {isa = PBXFileReference; lastKnownFileType = sourcecode.swift; path = ReminderListViewController.swift; sourceTree = "<group>"; };
		53F6B6A22965B88C008D07C1 /* Base */ = {isa = PBXFileReference; lastKnownFileType = file.storyboard; name = Base; path = Base.lproj/Main.storyboard; sourceTree = "<group>"; };
		53F6B6A52965B88C008D07C1 /* ios_todo_list.xcdatamodel */ = {isa = PBXFileReference; lastKnownFileType = wrapper.xcdatamodel; path = ios_todo_list.xcdatamodel; sourceTree = "<group>"; };
		53F6B6A72965B88D008D07C1 /* Assets.xcassets */ = {isa = PBXFileReference; lastKnownFileType = folder.assetcatalog; path = Assets.xcassets; sourceTree = "<group>"; };
		53F6B6AA2965B88D008D07C1 /* Base */ = {isa = PBXFileReference; lastKnownFileType = file.storyboard; name = Base; path = Base.lproj/LaunchScreen.storyboard; sourceTree = "<group>"; };
		53F6B6AC2965B88D008D07C1 /* Info.plist */ = {isa = PBXFileReference; lastKnownFileType = text.plist.xml; path = Info.plist; sourceTree = "<group>"; };
		53F6B6B12965B88D008D07C1 /* ios_todo_listTests.xctest */ = {isa = PBXFileReference; explicitFileType = wrapper.cfbundle; includeInIndex = 0; path = ios_todo_listTests.xctest; sourceTree = BUILT_PRODUCTS_DIR; };
		53F6B6B52965B88D008D07C1 /* ios_todo_listTests.swift */ = {isa = PBXFileReference; lastKnownFileType = sourcecode.swift; path = ios_todo_listTests.swift; sourceTree = "<group>"; };
		53F6B6BB2965B88D008D07C1 /* ios_todo_listUITests.xctest */ = {isa = PBXFileReference; explicitFileType = wrapper.cfbundle; includeInIndex = 0; path = ios_todo_listUITests.xctest; sourceTree = BUILT_PRODUCTS_DIR; };
		53F6B6BF2965B88D008D07C1 /* ios_todo_listUITests.swift */ = {isa = PBXFileReference; lastKnownFileType = sourcecode.swift; path = ios_todo_listUITests.swift; sourceTree = "<group>"; };
		53F6B6C12965B88D008D07C1 /* ios_todo_listUITestsLaunchTests.swift */ = {isa = PBXFileReference; lastKnownFileType = sourcecode.swift; path = ios_todo_listUITestsLaunchTests.swift; sourceTree = "<group>"; };
		53F6B6D62965C267008D07C1 /* Reminder.swift */ = {isa = PBXFileReference; lastKnownFileType = sourcecode.swift; path = Reminder.swift; sourceTree = "<group>"; };
		7B588133FCEC0A8E9CB7A016 /* Pods_ios_todo_listTests.framework */ = {isa = PBXFileReference; explicitFileType = wrapper.framework; includeInIndex = 0; path = Pods_ios_todo_listTests.framework; sourceTree = BUILT_PRODUCTS_DIR; };
		804A02EB356B55731E1B879B /* Pods-ios_todo_listTests.debug.xcconfig */ = {isa = PBXFileReference; includeInIndex = 1; lastKnownFileType = text.xcconfig; name = "Pods-ios_todo_listTests.debug.xcconfig"; path = "Target Support Files/Pods-ios_todo_listTests/Pods-ios_todo_listTests.debug.xcconfig"; sourceTree = "<group>"; };
		838DCBCD184846F30E98BD41 /* Pods_ios_todo_list.framework */ = {isa = PBXFileReference; explicitFileType = wrapper.framework; includeInIndex = 0; path = Pods_ios_todo_list.framework; sourceTree = BUILT_PRODUCTS_DIR; };
		975199779408A91C4BDA8507 /* Pods-ios_todo_listTests.release.xcconfig */ = {isa = PBXFileReference; includeInIndex = 1; lastKnownFileType = text.xcconfig; name = "Pods-ios_todo_listTests.release.xcconfig"; path = "Target Support Files/Pods-ios_todo_listTests/Pods-ios_todo_listTests.release.xcconfig"; sourceTree = "<group>"; };
		AC114C3FE138B65CCC2EB97D /* Pods-ios_todo_list.release.xcconfig */ = {isa = PBXFileReference; includeInIndex = 1; lastKnownFileType = text.xcconfig; name = "Pods-ios_todo_list.release.xcconfig"; path = "Target Support Files/Pods-ios_todo_list/Pods-ios_todo_list.release.xcconfig"; sourceTree = "<group>"; };
		C35D6A18FDA0E0360B5209AD /* Pods_ios_todo_list_ios_todo_listUITests.framework */ = {isa = PBXFileReference; explicitFileType = wrapper.framework; includeInIndex = 0; path = Pods_ios_todo_list_ios_todo_listUITests.framework; sourceTree = BUILT_PRODUCTS_DIR; };
		E3373B064B01654F3F243397 /* Pods-ios_todo_list.debug.xcconfig */ = {isa = PBXFileReference; includeInIndex = 1; lastKnownFileType = text.xcconfig; name = "Pods-ios_todo_list.debug.xcconfig"; path = "Target Support Files/Pods-ios_todo_list/Pods-ios_todo_list.debug.xcconfig"; sourceTree = "<group>"; };
/* End PBXFileReference section */

/* Begin PBXFrameworksBuildPhase section */
		53F6B6952965B88C008D07C1 /* Frameworks */ = {
			isa = PBXFrameworksBuildPhase;
			buildActionMask = 2147483647;
			files = (
				8A17BEAF1A7BEDA464E6072D /* Pods_ios_todo_list.framework in Frameworks */,
			);
			runOnlyForDeploymentPostprocessing = 0;
		};
		53F6B6AE2965B88D008D07C1 /* Frameworks */ = {
			isa = PBXFrameworksBuildPhase;
			buildActionMask = 2147483647;
			files = (
				DBA8C5FB52C05D4A5FDD3E9C /* Pods_ios_todo_listTests.framework in Frameworks */,
			);
			runOnlyForDeploymentPostprocessing = 0;
		};
		53F6B6B82965B88D008D07C1 /* Frameworks */ = {
			isa = PBXFrameworksBuildPhase;
			buildActionMask = 2147483647;
			files = (
				7974AC366A828B0837B48D42 /* Pods_ios_todo_list_ios_todo_listUITests.framework in Frameworks */,
			);
			runOnlyForDeploymentPostprocessing = 0;
		};
/* End PBXFrameworksBuildPhase section */

/* Begin PBXGroup section */
		53F6B68F2965B88C008D07C1 = {
			isa = PBXGroup;
			children = (
				53F6B69A2965B88C008D07C1 /* ios_todo_list */,
				53F6B6B42965B88D008D07C1 /* ios_todo_listTests */,
				53F6B6BE2965B88D008D07C1 /* ios_todo_listUITests */,
				53F6B6992965B88C008D07C1 /* Products */,
				DBAA04ABED35E572F1315D76 /* Pods */,
				AFC4BFE3FDF77579B9F392BD /* Frameworks */,
			);
			sourceTree = "<group>";
		};
		53F6B6992965B88C008D07C1 /* Products */ = {
			isa = PBXGroup;
			children = (
				53F6B6982965B88C008D07C1 /* ios_todo_list.app */,
				53F6B6B12965B88D008D07C1 /* ios_todo_listTests.xctest */,
				53F6B6BB2965B88D008D07C1 /* ios_todo_listUITests.xctest */,
			);
			name = Products;
			sourceTree = "<group>";
		};
		53F6B69A2965B88C008D07C1 /* ios_todo_list */ = {
			isa = PBXGroup;
			children = (
				53F6B6D12965BC2A008D07C1 /* Models */,
				53F6B6D22965BC4A008D07C1 /* Views */,
				53F6B6D32965BC62008D07C1 /* Screens */,
				53F6B6D52965BCBD008D07C1 /* Controller */,
				53F6B69B2965B88C008D07C1 /* AppDelegate.swift */,
				53F6B69D2965B88C008D07C1 /* SceneDelegate.swift */,
				53F6B6A72965B88D008D07C1 /* Assets.xcassets */,
				53F6B6A92965B88D008D07C1 /* LaunchScreen.storyboard */,
				53F6B6AC2965B88D008D07C1 /* Info.plist */,
				53F6B6A42965B88C008D07C1 /* ios_todo_list.xcdatamodeld */,
			);
			path = ios_todo_list;
			sourceTree = "<group>";
		};
		53F6B6B42965B88D008D07C1 /* ios_todo_listTests */ = {
			isa = PBXGroup;
			children = (
				53F6B6B52965B88D008D07C1 /* ios_todo_listTests.swift */,
			);
			path = ios_todo_listTests;
			sourceTree = "<group>";
		};
		53F6B6BE2965B88D008D07C1 /* ios_todo_listUITests */ = {
			isa = PBXGroup;
			children = (
				53F6B6BF2965B88D008D07C1 /* ios_todo_listUITests.swift */,
				53F6B6C12965B88D008D07C1 /* ios_todo_listUITestsLaunchTests.swift */,
			);
			path = ios_todo_listUITests;
			sourceTree = "<group>";
		};
		53F6B6D12965BC2A008D07C1 /* Models */ = {
			isa = PBXGroup;
			children = (
				53F6B6D62965C267008D07C1 /* Reminder.swift */,
			);
			path = Models;
			sourceTree = "<group>";
		};
		53F6B6D22965BC4A008D07C1 /* Views */ = {
			isa = PBXGroup;
			children = (
			);
			path = Views;
			sourceTree = "<group>";
		};
		53F6B6D32965BC62008D07C1 /* Screens */ = {
			isa = PBXGroup;
			children = (
				53F6B6A12965B88C008D07C1 /* Main.storyboard */,
			);
			path = Screens;
			sourceTree = "<group>";
		};
		53F6B6D52965BCBD008D07C1 /* Controller */ = {
			isa = PBXGroup;
			children = (
				53F6B69F2965B88C008D07C1 /* ReminderListViewController.swift */,
			);
			path = Controller;
			sourceTree = "<group>";
		};
		AFC4BFE3FDF77579B9F392BD /* Frameworks */ = {
			isa = PBXGroup;
			children = (
				838DCBCD184846F30E98BD41 /* Pods_ios_todo_list.framework */,
				C35D6A18FDA0E0360B5209AD /* Pods_ios_todo_list_ios_todo_listUITests.framework */,
				7B588133FCEC0A8E9CB7A016 /* Pods_ios_todo_listTests.framework */,
			);
			name = Frameworks;
			sourceTree = "<group>";
		};
		DBAA04ABED35E572F1315D76 /* Pods */ = {
			isa = PBXGroup;
			children = (
				E3373B064B01654F3F243397 /* Pods-ios_todo_list.debug.xcconfig */,
				AC114C3FE138B65CCC2EB97D /* Pods-ios_todo_list.release.xcconfig */,
				253CD63101288D944FDD205C /* Pods-ios_todo_list-ios_todo_listUITests.debug.xcconfig */,
				2C7206724E628FA60BA5833B /* Pods-ios_todo_list-ios_todo_listUITests.release.xcconfig */,
				804A02EB356B55731E1B879B /* Pods-ios_todo_listTests.debug.xcconfig */,
				975199779408A91C4BDA8507 /* Pods-ios_todo_listTests.release.xcconfig */,
			);
			path = Pods;
			sourceTree = "<group>";
		};
/* End PBXGroup section */

/* Begin PBXNativeTarget section */
		53F6B6972965B88C008D07C1 /* ios_todo_list */ = {
			isa = PBXNativeTarget;
			buildConfigurationList = 53F6B6C52965B88D008D07C1 /* Build configuration list for PBXNativeTarget "ios_todo_list" */;
			buildPhases = (
				0B10CA5D91B04837253593E3 /* [CP] Check Pods Manifest.lock */,
				53F6B6942965B88C008D07C1 /* Sources */,
				53F6B6952965B88C008D07C1 /* Frameworks */,
				53F6B6962965B88C008D07C1 /* Resources */,
				DFAB0A21D3F9652734ACCB7F /* [CP] Embed Pods Frameworks */,
			);
			buildRules = (
			);
			dependencies = (
			);
			name = ios_todo_list;
			productName = ios_todo_list;
			productReference = 53F6B6982965B88C008D07C1 /* ios_todo_list.app */;
			productType = "com.apple.product-type.application";
		};
		53F6B6B02965B88D008D07C1 /* ios_todo_listTests */ = {
			isa = PBXNativeTarget;
			buildConfigurationList = 53F6B6C82965B88D008D07C1 /* Build configuration list for PBXNativeTarget "ios_todo_listTests" */;
			buildPhases = (
				1E3436A6E79FD765EFFABADE /* [CP] Check Pods Manifest.lock */,
				53F6B6AD2965B88D008D07C1 /* Sources */,
				53F6B6AE2965B88D008D07C1 /* Frameworks */,
				53F6B6AF2965B88D008D07C1 /* Resources */,
			);
			buildRules = (
			);
			dependencies = (
				53F6B6B32965B88D008D07C1 /* PBXTargetDependency */,
			);
			name = ios_todo_listTests;
			productName = ios_todo_listTests;
			productReference = 53F6B6B12965B88D008D07C1 /* ios_todo_listTests.xctest */;
			productType = "com.apple.product-type.bundle.unit-test";
		};
		53F6B6BA2965B88D008D07C1 /* ios_todo_listUITests */ = {
			isa = PBXNativeTarget;
			buildConfigurationList = 53F6B6CB2965B88D008D07C1 /* Build configuration list for PBXNativeTarget "ios_todo_listUITests" */;
			buildPhases = (
				B411DDB0AE87B51E66CE9538 /* [CP] Check Pods Manifest.lock */,
				53F6B6B72965B88D008D07C1 /* Sources */,
				53F6B6B82965B88D008D07C1 /* Frameworks */,
				53F6B6B92965B88D008D07C1 /* Resources */,
				8ED2D1B0D4224D1302A8A7CB /* [CP] Embed Pods Frameworks */,
			);
			buildRules = (
			);
			dependencies = (
				53F6B6BD2965B88D008D07C1 /* PBXTargetDependency */,
			);
			name = ios_todo_listUITests;
			productName = ios_todo_listUITests;
			productReference = 53F6B6BB2965B88D008D07C1 /* ios_todo_listUITests.xctest */;
			productType = "com.apple.product-type.bundle.ui-testing";
		};
/* End PBXNativeTarget section */

/* Begin PBXProject section */
		53F6B6902965B88C008D07C1 /* Project object */ = {
			isa = PBXProject;
			attributes = {
				BuildIndependentTargetsInParallel = 1;
				LastSwiftUpdateCheck = 1420;
				LastUpgradeCheck = 1420;
				TargetAttributes = {
					53F6B6972965B88C008D07C1 = {
						CreatedOnToolsVersion = 14.2;
					};
					53F6B6B02965B88D008D07C1 = {
						CreatedOnToolsVersion = 14.2;
						TestTargetID = 53F6B6972965B88C008D07C1;
					};
					53F6B6BA2965B88D008D07C1 = {
						CreatedOnToolsVersion = 14.2;
						TestTargetID = 53F6B6972965B88C008D07C1;
					};
				};
			};
			buildConfigurationList = 53F6B6932965B88C008D07C1 /* Build configuration list for PBXProject "ios_todo_list" */;
			compatibilityVersion = "Xcode 14.0";
			developmentRegion = en;
			hasScannedForEncodings = 0;
			knownRegions = (
				en,
				Base,
			);
			mainGroup = 53F6B68F2965B88C008D07C1;
			productRefGroup = 53F6B6992965B88C008D07C1 /* Products */;
			projectDirPath = "";
			projectRoot = "";
			targets = (
				53F6B6972965B88C008D07C1 /* ios_todo_list */,
				53F6B6B02965B88D008D07C1 /* ios_todo_listTests */,
				53F6B6BA2965B88D008D07C1 /* ios_todo_listUITests */,
			);
		};
/* End PBXProject section */

/* Begin PBXResourcesBuildPhase section */
		53F6B6962965B88C008D07C1 /* Resources */ = {
			isa = PBXResourcesBuildPhase;
			buildActionMask = 2147483647;
			files = (
				53F6B6AB2965B88D008D07C1 /* LaunchScreen.storyboard in Resources */,
				53F6B6A82965B88D008D07C1 /* Assets.xcassets in Resources */,
				53F6B6A32965B88C008D07C1 /* Main.storyboard in Resources */,
			);
			runOnlyForDeploymentPostprocessing = 0;
		};
		53F6B6AF2965B88D008D07C1 /* Resources */ = {
			isa = PBXResourcesBuildPhase;
			buildActionMask = 2147483647;
			files = (
			);
			runOnlyForDeploymentPostprocessing = 0;
		};
		53F6B6B92965B88D008D07C1 /* Resources */ = {
			isa = PBXResourcesBuildPhase;
			buildActionMask = 2147483647;
			files = (
			);
			runOnlyForDeploymentPostprocessing = 0;
		};
/* End PBXResourcesBuildPhase section */

/* Begin PBXShellScriptBuildPhase section */
		0B10CA5D91B04837253593E3 /* [CP] Check Pods Manifest.lock */ = {
			isa = PBXShellScriptBuildPhase;
			buildActionMask = 2147483647;
			files = (
			);
			inputFileListPaths = (
			);
			inputPaths = (
				"${PODS_PODFILE_DIR_PATH}/Podfile.lock",
				"${PODS_ROOT}/Manifest.lock",
			);
			name = "[CP] Check Pods Manifest.lock";
			outputFileListPaths = (
			);
			outputPaths = (
				"$(DERIVED_FILE_DIR)/Pods-ios_todo_list-checkManifestLockResult.txt",
			);
			runOnlyForDeploymentPostprocessing = 0;
			shellPath = /bin/sh;
			shellScript = "diff \"${PODS_PODFILE_DIR_PATH}/Podfile.lock\" \"${PODS_ROOT}/Manifest.lock\" > /dev/null\nif [ $? != 0 ] ; then\n    # print error to STDERR\n    echo \"error: The sandbox is not in sync with the Podfile.lock. Run 'pod install' or update your CocoaPods installation.\" >&2\n    exit 1\nfi\n# This output is used by Xcode 'outputs' to avoid re-running this script phase.\necho \"SUCCESS\" > \"${SCRIPT_OUTPUT_FILE_0}\"\n";
			showEnvVarsInLog = 0;
		};
		1E3436A6E79FD765EFFABADE /* [CP] Check Pods Manifest.lock */ = {
			isa = PBXShellScriptBuildPhase;
			buildActionMask = 2147483647;
			files = (
			);
			inputFileListPaths = (
			);
			inputPaths = (
				"${PODS_PODFILE_DIR_PATH}/Podfile.lock",
				"${PODS_ROOT}/Manifest.lock",
			);
			name = "[CP] Check Pods Manifest.lock";
			outputFileListPaths = (
			);
			outputPaths = (
				"$(DERIVED_FILE_DIR)/Pods-ios_todo_listTests-checkManifestLockResult.txt",
			);
			runOnlyForDeploymentPostprocessing = 0;
			shellPath = /bin/sh;
			shellScript = "diff \"${PODS_PODFILE_DIR_PATH}/Podfile.lock\" \"${PODS_ROOT}/Manifest.lock\" > /dev/null\nif [ $? != 0 ] ; then\n    # print error to STDERR\n    echo \"error: The sandbox is not in sync with the Podfile.lock. Run 'pod install' or update your CocoaPods installation.\" >&2\n    exit 1\nfi\n# This output is used by Xcode 'outputs' to avoid re-running this script phase.\necho \"SUCCESS\" > \"${SCRIPT_OUTPUT_FILE_0}\"\n";
			showEnvVarsInLog = 0;
		};
		8ED2D1B0D4224D1302A8A7CB /* [CP] Embed Pods Frameworks */ = {
			isa = PBXShellScriptBuildPhase;
			buildActionMask = 2147483647;
			files = (
			);
			inputFileListPaths = (
				"${PODS_ROOT}/Target Support Files/Pods-ios_todo_list-ios_todo_listUITests/Pods-ios_todo_list-ios_todo_listUITests-frameworks-${CONFIGURATION}-input-files.xcfilelist",
			);
			name = "[CP] Embed Pods Frameworks";
			outputFileListPaths = (
				"${PODS_ROOT}/Target Support Files/Pods-ios_todo_list-ios_todo_listUITests/Pods-ios_todo_list-ios_todo_listUITests-frameworks-${CONFIGURATION}-output-files.xcfilelist",
			);
			runOnlyForDeploymentPostprocessing = 0;
			shellPath = /bin/sh;
			shellScript = "\"${PODS_ROOT}/Target Support Files/Pods-ios_todo_list-ios_todo_listUITests/Pods-ios_todo_list-ios_todo_listUITests-frameworks.sh\"\n";
			showEnvVarsInLog = 0;
		};
		B411DDB0AE87B51E66CE9538 /* [CP] Check Pods Manifest.lock */ = {
			isa = PBXShellScriptBuildPhase;
			buildActionMask = 2147483647;
			files = (
			);
			inputFileListPaths = (
			);
			inputPaths = (
				"${PODS_PODFILE_DIR_PATH}/Podfile.lock",
				"${PODS_ROOT}/Manifest.lock",
			);
			name = "[CP] Check Pods Manifest.lock";
			outputFileListPaths = (
			);
			outputPaths = (
				"$(DERIVED_FILE_DIR)/Pods-ios_todo_list-ios_todo_listUITests-checkManifestLockResult.txt",
			);
			runOnlyForDeploymentPostprocessing = 0;
			shellPath = /bin/sh;
			shellScript = "diff \"${PODS_PODFILE_DIR_PATH}/Podfile.lock\" \"${PODS_ROOT}/Manifest.lock\" > /dev/null\nif [ $? != 0 ] ; then\n    # print error to STDERR\n    echo \"error: The sandbox is not in sync with the Podfile.lock. Run 'pod install' or update your CocoaPods installation.\" >&2\n    exit 1\nfi\n# This output is used by Xcode 'outputs' to avoid re-running this script phase.\necho \"SUCCESS\" > \"${SCRIPT_OUTPUT_FILE_0}\"\n";
			showEnvVarsInLog = 0;
		};
		DFAB0A21D3F9652734ACCB7F /* [CP] Embed Pods Frameworks */ = {
			isa = PBXShellScriptBuildPhase;
			buildActionMask = 2147483647;
			files = (
			);
			inputFileListPaths = (
				"${PODS_ROOT}/Target Support Files/Pods-ios_todo_list/Pods-ios_todo_list-frameworks-${CONFIGURATION}-input-files.xcfilelist",
			);
			name = "[CP] Embed Pods Frameworks";
			outputFileListPaths = (
				"${PODS_ROOT}/Target Support Files/Pods-ios_todo_list/Pods-ios_todo_list-frameworks-${CONFIGURATION}-output-files.xcfilelist",
			);
			runOnlyForDeploymentPostprocessing = 0;
			shellPath = /bin/sh;
			shellScript = "\"${PODS_ROOT}/Target Support Files/Pods-ios_todo_list/Pods-ios_todo_list-frameworks.sh\"\n";
			showEnvVarsInLog = 0;
		};
/* End PBXShellScriptBuildPhase section */

/* Begin PBXSourcesBuildPhase section */
		53F6B6942965B88C008D07C1 /* Sources */ = {
			isa = PBXSourcesBuildPhase;
			buildActionMask = 2147483647;
			files = (
				53F6B6A02965B88C008D07C1 /* ReminderListViewController.swift in Sources */,
				53F6B6A62965B88C008D07C1 /* ios_todo_list.xcdatamodeld in Sources */,
				53F6B69C2965B88C008D07C1 /* AppDelegate.swift in Sources */,
				53F6B69E2965B88C008D07C1 /* SceneDelegate.swift in Sources */,
				53F6B6D72965C267008D07C1 /* Reminder.swift in Sources */,
			);
			runOnlyForDeploymentPostprocessing = 0;
		};
		53F6B6AD2965B88D008D07C1 /* Sources */ = {
			isa = PBXSourcesBuildPhase;
			buildActionMask = 2147483647;
			files = (
				53F6B6B62965B88D008D07C1 /* ios_todo_listTests.swift in Sources */,
			);
			runOnlyForDeploymentPostprocessing = 0;
		};
		53F6B6B72965B88D008D07C1 /* Sources */ = {
			isa = PBXSourcesBuildPhase;
			buildActionMask = 2147483647;
			files = (
				53F6B6C22965B88D008D07C1 /* ios_todo_listUITestsLaunchTests.swift in Sources */,
				53F6B6C02965B88D008D07C1 /* ios_todo_listUITests.swift in Sources */,
			);
			runOnlyForDeploymentPostprocessing = 0;
		};
/* End PBXSourcesBuildPhase section */

/* Begin PBXTargetDependency section */
		53F6B6B32965B88D008D07C1 /* PBXTargetDependency */ = {
			isa = PBXTargetDependency;
			target = 53F6B6972965B88C008D07C1 /* ios_todo_list */;
			targetProxy = 53F6B6B22965B88D008D07C1 /* PBXContainerItemProxy */;
		};
		53F6B6BD2965B88D008D07C1 /* PBXTargetDependency */ = {
			isa = PBXTargetDependency;
			target = 53F6B6972965B88C008D07C1 /* ios_todo_list */;
			targetProxy = 53F6B6BC2965B88D008D07C1 /* PBXContainerItemProxy */;
		};
/* End PBXTargetDependency section */

/* Begin PBXVariantGroup section */
		53F6B6A12965B88C008D07C1 /* Main.storyboard */ = {
			isa = PBXVariantGroup;
			children = (
				53F6B6A22965B88C008D07C1 /* Base */,
			);
			name = Main.storyboard;
			sourceTree = "<group>";
		};
		53F6B6A92965B88D008D07C1 /* LaunchScreen.storyboard */ = {
			isa = PBXVariantGroup;
			children = (
				53F6B6AA2965B88D008D07C1 /* Base */,
			);
			name = LaunchScreen.storyboard;
			sourceTree = "<group>";
		};
/* End PBXVariantGroup section */

/* Begin XCBuildConfiguration section */
		53F6B6C32965B88D008D07C1 /* Debug */ = {
			isa = XCBuildConfiguration;
			buildSettings = {
				ALWAYS_SEARCH_USER_PATHS = NO;
				CLANG_ANALYZER_NONNULL = YES;
				CLANG_ANALYZER_NUMBER_OBJECT_CONVERSION = YES_AGGRESSIVE;
				CLANG_CXX_LANGUAGE_STANDARD = "gnu++20";
				CLANG_ENABLE_MODULES = YES;
				CLANG_ENABLE_OBJC_ARC = YES;
				CLANG_ENABLE_OBJC_WEAK = YES;
				CLANG_WARN_BLOCK_CAPTURE_AUTORELEASING = YES;
				CLANG_WARN_BOOL_CONVERSION = YES;
				CLANG_WARN_COMMA = YES;
				CLANG_WARN_CONSTANT_CONVERSION = YES;
				CLANG_WARN_DEPRECATED_OBJC_IMPLEMENTATIONS = YES;
				CLANG_WARN_DIRECT_OBJC_ISA_USAGE = YES_ERROR;
				CLANG_WARN_DOCUMENTATION_COMMENTS = YES;
				CLANG_WARN_EMPTY_BODY = YES;
				CLANG_WARN_ENUM_CONVERSION = YES;
				CLANG_WARN_INFINITE_RECURSION = YES;
				CLANG_WARN_INT_CONVERSION = YES;
				CLANG_WARN_NON_LITERAL_NULL_CONVERSION = YES;
				CLANG_WARN_OBJC_IMPLICIT_RETAIN_SELF = YES;
				CLANG_WARN_OBJC_LITERAL_CONVERSION = YES;
				CLANG_WARN_OBJC_ROOT_CLASS = YES_ERROR;
				CLANG_WARN_QUOTED_INCLUDE_IN_FRAMEWORK_HEADER = YES;
				CLANG_WARN_RANGE_LOOP_ANALYSIS = YES;
				CLANG_WARN_STRICT_PROTOTYPES = YES;
				CLANG_WARN_SUSPICIOUS_MOVE = YES;
				CLANG_WARN_UNGUARDED_AVAILABILITY = YES_AGGRESSIVE;
				CLANG_WARN_UNREACHABLE_CODE = YES;
				CLANG_WARN__DUPLICATE_METHOD_MATCH = YES;
				COPY_PHASE_STRIP = NO;
				DEBUG_INFORMATION_FORMAT = dwarf;
				ENABLE_STRICT_OBJC_MSGSEND = YES;
				ENABLE_TESTABILITY = YES;
				GCC_C_LANGUAGE_STANDARD = gnu11;
				GCC_DYNAMIC_NO_PIC = NO;
				GCC_NO_COMMON_BLOCKS = YES;
				GCC_OPTIMIZATION_LEVEL = 0;
				GCC_PREPROCESSOR_DEFINITIONS = (
					"DEBUG=1",
					"$(inherited)",
				);
				GCC_WARN_64_TO_32_BIT_CONVERSION = YES;
				GCC_WARN_ABOUT_RETURN_TYPE = YES_ERROR;
				GCC_WARN_UNDECLARED_SELECTOR = YES;
				GCC_WARN_UNINITIALIZED_AUTOS = YES_AGGRESSIVE;
				GCC_WARN_UNUSED_FUNCTION = YES;
				GCC_WARN_UNUSED_VARIABLE = YES;
				IPHONEOS_DEPLOYMENT_TARGET = 16.2;
				LD_RUNPATH_SEARCH_PATHS = "$(inherited)";
				MTL_ENABLE_DEBUG_INFO = INCLUDE_SOURCE;
				MTL_FAST_MATH = YES;
				ONLY_ACTIVE_ARCH = YES;
				SDKROOT = iphoneos;
				SWIFT_ACTIVE_COMPILATION_CONDITIONS = DEBUG;
				SWIFT_OPTIMIZATION_LEVEL = "-Onone";
			};
			name = Debug;
		};
		53F6B6C42965B88D008D07C1 /* Release */ = {
			isa = XCBuildConfiguration;
			buildSettings = {
				ALWAYS_SEARCH_USER_PATHS = NO;
				CLANG_ANALYZER_NONNULL = YES;
				CLANG_ANALYZER_NUMBER_OBJECT_CONVERSION = YES_AGGRESSIVE;
				CLANG_CXX_LANGUAGE_STANDARD = "gnu++20";
				CLANG_ENABLE_MODULES = YES;
				CLANG_ENABLE_OBJC_ARC = YES;
				CLANG_ENABLE_OBJC_WEAK = YES;
				CLANG_WARN_BLOCK_CAPTURE_AUTORELEASING = YES;
				CLANG_WARN_BOOL_CONVERSION = YES;
				CLANG_WARN_COMMA = YES;
				CLANG_WARN_CONSTANT_CONVERSION = YES;
				CLANG_WARN_DEPRECATED_OBJC_IMPLEMENTATIONS = YES;
				CLANG_WARN_DIRECT_OBJC_ISA_USAGE = YES_ERROR;
				CLANG_WARN_DOCUMENTATION_COMMENTS = YES;
				CLANG_WARN_EMPTY_BODY = YES;
				CLANG_WARN_ENUM_CONVERSION = YES;
				CLANG_WARN_INFINITE_RECURSION = YES;
				CLANG_WARN_INT_CONVERSION = YES;
				CLANG_WARN_NON_LITERAL_NULL_CONVERSION = YES;
				CLANG_WARN_OBJC_IMPLICIT_RETAIN_SELF = YES;
				CLANG_WARN_OBJC_LITERAL_CONVERSION = YES;
				CLANG_WARN_OBJC_ROOT_CLASS = YES_ERROR;
				CLANG_WARN_QUOTED_INCLUDE_IN_FRAMEWORK_HEADER = YES;
				CLANG_WARN_RANGE_LOOP_ANALYSIS = YES;
				CLANG_WARN_STRICT_PROTOTYPES = YES;
				CLANG_WARN_SUSPICIOUS_MOVE = YES;
				CLANG_WARN_UNGUARDED_AVAILABILITY = YES_AGGRESSIVE;
				CLANG_WARN_UNREACHABLE_CODE = YES;
				CLANG_WARN__DUPLICATE_METHOD_MATCH = YES;
				COPY_PHASE_STRIP = NO;
				DEBUG_INFORMATION_FORMAT = "dwarf-with-dsym";
				ENABLE_NS_ASSERTIONS = NO;
				ENABLE_STRICT_OBJC_MSGSEND = YES;
				GCC_C_LANGUAGE_STANDARD = gnu11;
				GCC_NO_COMMON_BLOCKS = YES;
				GCC_WARN_64_TO_32_BIT_CONVERSION = YES;
				GCC_WARN_ABOUT_RETURN_TYPE = YES_ERROR;
				GCC_WARN_UNDECLARED_SELECTOR = YES;
				GCC_WARN_UNINITIALIZED_AUTOS = YES_AGGRESSIVE;
				GCC_WARN_UNUSED_FUNCTION = YES;
				GCC_WARN_UNUSED_VARIABLE = YES;
				IPHONEOS_DEPLOYMENT_TARGET = 16.2;
				LD_RUNPATH_SEARCH_PATHS = "$(inherited)";
				MTL_ENABLE_DEBUG_INFO = NO;
				MTL_FAST_MATH = YES;
				SDKROOT = iphoneos;
				SWIFT_COMPILATION_MODE = wholemodule;
				SWIFT_OPTIMIZATION_LEVEL = "-O";
				VALIDATE_PRODUCT = YES;
			};
			name = Release;
		};
		53F6B6C62965B88D008D07C1 /* Debug */ = {
			isa = XCBuildConfiguration;
			baseConfigurationReference = E3373B064B01654F3F243397 /* Pods-ios_todo_list.debug.xcconfig */;
			buildSettings = {
				ASSETCATALOG_COMPILER_APPICON_NAME = AppIcon;
				ASSETCATALOG_COMPILER_GLOBAL_ACCENT_COLOR_NAME = AccentColor;
				CODE_SIGN_STYLE = Automatic;
				CURRENT_PROJECT_VERSION = 1;
				DEVELOPMENT_TEAM = DRRCTAH3RW;
				GENERATE_INFOPLIST_FILE = YES;
				INFOPLIST_FILE = ios_todo_list/Info.plist;
				INFOPLIST_KEY_UIApplicationSupportsIndirectInputEvents = YES;
				INFOPLIST_KEY_UILaunchStoryboardName = LaunchScreen;
				INFOPLIST_KEY_UIMainStoryboardFile = Main;
				INFOPLIST_KEY_UISupportedInterfaceOrientations_iPad = "UIInterfaceOrientationPortrait UIInterfaceOrientationPortraitUpsideDown UIInterfaceOrientationLandscapeLeft UIInterfaceOrientationLandscapeRight";
				INFOPLIST_KEY_UISupportedInterfaceOrientations_iPhone = "UIInterfaceOrientationPortrait UIInterfaceOrientationLandscapeLeft UIInterfaceOrientationLandscapeRight";
				LD_RUNPATH_SEARCH_PATHS = (
					"$(inherited)",
					"@executable_path/Frameworks",
				);
				MARKETING_VERSION = 1.0;
				PRODUCT_BUNDLE_IDENTIFIER = "net.harutiro.ios-todo-list";
				PRODUCT_NAME = "$(TARGET_NAME)";
				SWIFT_EMIT_LOC_STRINGS = YES;
				SWIFT_VERSION = 5.0;
				TARGETED_DEVICE_FAMILY = "1,2";
			};
			name = Debug;
		};
		53F6B6C72965B88D008D07C1 /* Release */ = {
			isa = XCBuildConfiguration;
			baseConfigurationReference = AC114C3FE138B65CCC2EB97D /* Pods-ios_todo_list.release.xcconfig */;
			buildSettings = {
				ASSETCATALOG_COMPILER_APPICON_NAME = AppIcon;
				ASSETCATALOG_COMPILER_GLOBAL_ACCENT_COLOR_NAME = AccentColor;
				CODE_SIGN_STYLE = Automatic;
				CURRENT_PROJECT_VERSION = 1;
				DEVELOPMENT_TEAM = DRRCTAH3RW;
				GENERATE_INFOPLIST_FILE = YES;
				INFOPLIST_FILE = ios_todo_list/Info.plist;
				INFOPLIST_KEY_UIApplicationSupportsIndirectInputEvents = YES;
				INFOPLIST_KEY_UILaunchStoryboardName = LaunchScreen;
				INFOPLIST_KEY_UIMainStoryboardFile = Main;
				INFOPLIST_KEY_UISupportedInterfaceOrientations_iPad = "UIInterfaceOrientationPortrait UIInterfaceOrientationPortraitUpsideDown UIInterfaceOrientationLandscapeLeft UIInterfaceOrientationLandscapeRight";
				INFOPLIST_KEY_UISupportedInterfaceOrientations_iPhone = "UIInterfaceOrientationPortrait UIInterfaceOrientationLandscapeLeft UIInterfaceOrientationLandscapeRight";
				LD_RUNPATH_SEARCH_PATHS = (
					"$(inherited)",
					"@executable_path/Frameworks",
				);
				MARKETING_VERSION = 1.0;
				PRODUCT_BUNDLE_IDENTIFIER = "net.harutiro.ios-todo-list";
				PRODUCT_NAME = "$(TARGET_NAME)";
				SWIFT_EMIT_LOC_STRINGS = YES;
				SWIFT_VERSION = 5.0;
				TARGETED_DEVICE_FAMILY = "1,2";
			};
			name = Release;
		};
		53F6B6C92965B88D008D07C1 /* Debug */ = {
			isa = XCBuildConfiguration;
			baseConfigurationReference = 804A02EB356B55731E1B879B /* Pods-ios_todo_listTests.debug.xcconfig */;
			buildSettings = {
				ALWAYS_EMBED_SWIFT_STANDARD_LIBRARIES = YES;
				BUNDLE_LOADER = "$(TEST_HOST)";
				CODE_SIGN_STYLE = Automatic;
				CURRENT_PROJECT_VERSION = 1;
				DEVELOPMENT_TEAM = DRRCTAH3RW;
				GENERATE_INFOPLIST_FILE = YES;
				IPHONEOS_DEPLOYMENT_TARGET = 16.2;
				MARKETING_VERSION = 1.0;
				PRODUCT_BUNDLE_IDENTIFIER = "net.harutiro.ios-todo-listTests";
				PRODUCT_NAME = "$(TARGET_NAME)";
				SWIFT_EMIT_LOC_STRINGS = NO;
				SWIFT_VERSION = 5.0;
				TARGETED_DEVICE_FAMILY = "1,2";
				TEST_HOST = "$(BUILT_PRODUCTS_DIR)/ios_todo_list.app/$(BUNDLE_EXECUTABLE_FOLDER_PATH)/ios_todo_list";
			};
			name = Debug;
		};
		53F6B6CA2965B88D008D07C1 /* Release */ = {
			isa = XCBuildConfiguration;
			baseConfigurationReference = 975199779408A91C4BDA8507 /* Pods-ios_todo_listTests.release.xcconfig */;
			buildSettings = {
				ALWAYS_EMBED_SWIFT_STANDARD_LIBRARIES = YES;
				BUNDLE_LOADER = "$(TEST_HOST)";
				CODE_SIGN_STYLE = Automatic;
				CURRENT_PROJECT_VERSION = 1;
				DEVELOPMENT_TEAM = DRRCTAH3RW;
				GENERATE_INFOPLIST_FILE = YES;
				IPHONEOS_DEPLOYMENT_TARGET = 16.2;
				MARKETING_VERSION = 1.0;
				PRODUCT_BUNDLE_IDENTIFIER = "net.harutiro.ios-todo-listTests";
				PRODUCT_NAME = "$(TARGET_NAME)";
				SWIFT_EMIT_LOC_STRINGS = NO;
				SWIFT_VERSION = 5.0;
				TARGETED_DEVICE_FAMILY = "1,2";
				TEST_HOST = "$(BUILT_PRODUCTS_DIR)/ios_todo_list.app/$(BUNDLE_EXECUTABLE_FOLDER_PATH)/ios_todo_list";
			};
			name = Release;
		};
		53F6B6CC2965B88D008D07C1 /* Debug */ = {
			isa = XCBuildConfiguration;
			baseConfigurationReference = 253CD63101288D944FDD205C /* Pods-ios_todo_list-ios_todo_listUITests.debug.xcconfig */;
			buildSettings = {
				ALWAYS_EMBED_SWIFT_STANDARD_LIBRARIES = YES;
				CODE_SIGN_STYLE = Automatic;
				CURRENT_PROJECT_VERSION = 1;
				DEVELOPMENT_TEAM = DRRCTAH3RW;
				GENERATE_INFOPLIST_FILE = YES;
				MARKETING_VERSION = 1.0;
				PRODUCT_BUNDLE_IDENTIFIER = "net.harutiro.ios-todo-listUITests";
				PRODUCT_NAME = "$(TARGET_NAME)";
				SWIFT_EMIT_LOC_STRINGS = NO;
				SWIFT_VERSION = 5.0;
				TARGETED_DEVICE_FAMILY = "1,2";
				TEST_TARGET_NAME = ios_todo_list;
			};
			name = Debug;
		};
		53F6B6CD2965B88D008D07C1 /* Release */ = {
			isa = XCBuildConfiguration;
			baseConfigurationReference = 2C7206724E628FA60BA5833B /* Pods-ios_todo_list-ios_todo_listUITests.release.xcconfig */;
			buildSettings = {
				ALWAYS_EMBED_SWIFT_STANDARD_LIBRARIES = YES;
				CODE_SIGN_STYLE = Automatic;
				CURRENT_PROJECT_VERSION = 1;
				DEVELOPMENT_TEAM = DRRCTAH3RW;
				GENERATE_INFOPLIST_FILE = YES;
				MARKETING_VERSION = 1.0;
				PRODUCT_BUNDLE_IDENTIFIER = "net.harutiro.ios-todo-listUITests";
				PRODUCT_NAME = "$(TARGET_NAME)";
				SWIFT_EMIT_LOC_STRINGS = NO;
				SWIFT_VERSION = 5.0;
				TARGETED_DEVICE_FAMILY = "1,2";
				TEST_TARGET_NAME = ios_todo_list;
			};
			name = Release;
		};
/* End XCBuildConfiguration section */

/* Begin XCConfigurationList section */
		53F6B6932965B88C008D07C1 /* Build configuration list for PBXProject "ios_todo_list" */ = {
			isa = XCConfigurationList;
			buildConfigurations = (
				53F6B6C32965B88D008D07C1 /* Debug */,
				53F6B6C42965B88D008D07C1 /* Release */,
			);
			defaultConfigurationIsVisible = 0;
			defaultConfigurationName = Release;
		};
		53F6B6C52965B88D008D07C1 /* Build configuration list for PBXNativeTarget "ios_todo_list" */ = {
			isa = XCConfigurationList;
			buildConfigurations = (
				53F6B6C62965B88D008D07C1 /* Debug */,
				53F6B6C72965B88D008D07C1 /* Release */,
			);
			defaultConfigurationIsVisible = 0;
			defaultConfigurationName = Release;
		};
		53F6B6C82965B88D008D07C1 /* Build configuration list for PBXNativeTarget "ios_todo_listTests" */ = {
			isa = XCConfigurationList;
			buildConfigurations = (
				53F6B6C92965B88D008D07C1 /* Debug */,
				53F6B6CA2965B88D008D07C1 /* Release */,
			);
			defaultConfigurationIsVisible = 0;
			defaultConfigurationName = Release;
		};
		53F6B6CB2965B88D008D07C1 /* Build configuration list for PBXNativeTarget "ios_todo_listUITests" */ = {
			isa = XCConfigurationList;
			buildConfigurations = (
				53F6B6CC2965B88D008D07C1 /* Debug */,
				53F6B6CD2965B88D008D07C1 /* Release */,
			);
			defaultConfigurationIsVisible = 0;
			defaultConfigurationName = Release;
		};
/* End XCConfigurationList section */

/* Begin XCVersionGroup section */
		53F6B6A42965B88C008D07C1 /* ios_todo_list.xcdatamodeld */ = {
			isa = XCVersionGroup;
			children = (
				53F6B6A52965B88C008D07C1 /* ios_todo_list.xcdatamodel */,
			);
			currentVersion = 53F6B6A52965B88C008D07C1 /* ios_todo_list.xcdatamodel */;
			path = ios_todo_list.xcdatamodeld;
			sourceTree = "<group>";
			versionGroupType = wrapper.xcdatamodel;
		};
/* End XCVersionGroup section */
	};
	rootObject = 53F6B6902965B88C008D07C1 /* Project object */;
}
